
Microsoft Visual Studio Solution File, Format Version 12.00
# Visual Studio Version 17
VisualStudioVersion = 17.3.32825.248
MinimumVisualStudioVersion = 10.0.40219.1
Project("{FAE04EC0-301F-11D3-BF4B-00C04F79EFBC}") = "WriteCarsApi", "WriteCarsApi\WriteCarsApi.csproj", "{E5B63340-F743-4935-8DB6-8FAD38BA022B}"
EndProject
Global
	GlobalSection(SolutionConfigurationPlatforms) = preSolution
		Debug|Any CPU = Debug|Any CPU
		Release|Any CPU = Release|Any CPU
	EndGlobalSection
	GlobalSection(ProjectConfigurationPlatforms) = postSolution
		{E5B63340-F743-4935-8DB6-8FAD38BA022B}.Debug|Any CPU.ActiveCfg = Debug|Any CPU
		{E5B63340-F743-4935-8DB6-8FAD38BA022B}.Debug|Any CPU.Build.0 = Debug|Any CPU
		{E5B63340-F743-4935-8DB6-8FAD38BA022B}.Release|Any CPU.ActiveCfg = Release|Any CPU
		{E5B63340-F743-4935-8DB6-8FAD38BA022B}.Release|Any CPU.Build.0 = Release|Any CPU
	EndGlobalSection
	GlobalSection(SolutionProperties) = preSolution
		HideSolutionNode = FALSE
	EndGlobalSection
	GlobalSection(ExtensibilityGlobals) = postSolution
		SolutionGuid = {598031EA-EC56-479F-9391-05E29F58A829}
	EndGlobalSection
EndGlobal
